{
  "name": "demo",
  "version": "1.0.0",
  "lockfileVersion": 1,
  "requires": true,
  "dependencies": {
    "Node_NogDB": {
      "version": "file:../addon",
      "requires": {
        "nan": "^2.3.3"
      },
      "dependencies": {
        "nan": {
          "version": "2.10.0",
          "bundled": true
        }
      }
    }
  }
}
